
Microsoft Visual Studio Solution File, Format Version 12.00
Project("{FAE04EC0-301F-11D3-BF4B-00C04F79EFBC}") = "InMindLab8.Microservices.Students", "InMindLab8.Microservices.Students\InMindLab8.Microservices.Students.csproj", "{4C49CD9C-7103-47B6-AB30-6A18E8A57628}"
EndProject
Project("{FAE04EC0-301F-11D3-BF4B-00C04F79EFBC}") = "InMindLab8.Persistence", "InMindLab8.Persistence\InMindLab8.Persistence.csproj", "{479BF523-DF09-4E59-9528-CA1437F1CC96}"
EndProject
Project("{FAE04EC0-301F-11D3-BF4B-00C04F79EFBC}") = "InMindLab8.API", "InMindLab8.API\InMindLab8.API.csproj", "{175002BF-7ABE-4FA3-84B0-B0AF0B232213}"
EndProject
Project("{FAE04EC0-301F-11D3-BF4B-00C04F79EFBC}") = "InMindLab8.Application", "InMindLab8.Application\InMindLab8.Application.csproj", "{7E7BE4B2-8589-44D1-8DC7-B8FA2890FA30}"
EndProject
Project("{FAE04EC0-301F-11D3-BF4B-00C04F79EFBC}") = "InMindLab8.Common", "InMindLab8.Common\InMindLab8.Common.csproj", "{EECDA67B-57D8-4DC5-A603-1CF01E9CE3DD}"
EndProject
Project("{FAE04EC0-301F-11D3-BF4B-00C04F79EFBC}") = "InMindLab8.Domain", "InMindLab8.Domain\InMindLab8.Domain.csproj", "{D01BD74B-882F-4439-9D39-2E74895A34DB}"
EndProject
Project("{FAE04EC0-301F-11D3-BF4B-00C04F79EFBC}") = "InMindLab8.Infrastructure", "InMindLab8.Infrastructure\InMindLab8.Infrastructure.csproj", "{4907464C-30BF-4097-B3B0-9AD6D5885305}"
EndProject
Global
	GlobalSection(SolutionConfigurationPlatforms) = preSolution
		Debug|Any CPU = Debug|Any CPU
		Release|Any CPU = Release|Any CPU
	EndGlobalSection
	GlobalSection(ProjectConfigurationPlatforms) = postSolution
		{4C49CD9C-7103-47B6-AB30-6A18E8A57628}.Debug|Any CPU.ActiveCfg = Debug|Any CPU
		{4C49CD9C-7103-47B6-AB30-6A18E8A57628}.Debug|Any CPU.Build.0 = Debug|Any CPU
		{4C49CD9C-7103-47B6-AB30-6A18E8A57628}.Release|Any CPU.ActiveCfg = Release|Any CPU
		{4C49CD9C-7103-47B6-AB30-6A18E8A57628}.Release|Any CPU.Build.0 = Release|Any CPU
		{479BF523-DF09-4E59-9528-CA1437F1CC96}.Debug|Any CPU.ActiveCfg = Debug|Any CPU
		{479BF523-DF09-4E59-9528-CA1437F1CC96}.Debug|Any CPU.Build.0 = Debug|Any CPU
		{479BF523-DF09-4E59-9528-CA1437F1CC96}.Release|Any CPU.ActiveCfg = Release|Any CPU
		{479BF523-DF09-4E59-9528-CA1437F1CC96}.Release|Any CPU.Build.0 = Release|Any CPU
		{175002BF-7ABE-4FA3-84B0-B0AF0B232213}.Debug|Any CPU.ActiveCfg = Debug|Any CPU
		{175002BF-7ABE-4FA3-84B0-B0AF0B232213}.Debug|Any CPU.Build.0 = Debug|Any CPU
		{175002BF-7ABE-4FA3-84B0-B0AF0B232213}.Release|Any CPU.ActiveCfg = Release|Any CPU
		{175002BF-7ABE-4FA3-84B0-B0AF0B232213}.Release|Any CPU.Build.0 = Release|Any CPU
		{7E7BE4B2-8589-44D1-8DC7-B8FA2890FA30}.Debug|Any CPU.ActiveCfg = Debug|Any CPU
		{7E7BE4B2-8589-44D1-8DC7-B8FA2890FA30}.Debug|Any CPU.Build.0 = Debug|Any CPU
		{7E7BE4B2-8589-44D1-8DC7-B8FA2890FA30}.Release|Any CPU.ActiveCfg = Release|Any CPU
		{7E7BE4B2-8589-44D1-8DC7-B8FA2890FA30}.Release|Any CPU.Build.0 = Release|Any CPU
		{EECDA67B-57D8-4DC5-A603-1CF01E9CE3DD}.Debug|Any CPU.ActiveCfg = Debug|Any CPU
		{EECDA67B-57D8-4DC5-A603-1CF01E9CE3DD}.Debug|Any CPU.Build.0 = Debug|Any CPU
		{EECDA67B-57D8-4DC5-A603-1CF01E9CE3DD}.Release|Any CPU.ActiveCfg = Release|Any CPU
		{EECDA67B-57D8-4DC5-A603-1CF01E9CE3DD}.Release|Any CPU.Build.0 = Release|Any CPU
		{D01BD74B-882F-4439-9D39-2E74895A34DB}.Debug|Any CPU.ActiveCfg = Debug|Any CPU
		{D01BD74B-882F-4439-9D39-2E74895A34DB}.Debug|Any CPU.Build.0 = Debug|Any CPU
		{D01BD74B-882F-4439-9D39-2E74895A34DB}.Release|Any CPU.ActiveCfg = Release|Any CPU
		{D01BD74B-882F-4439-9D39-2E74895A34DB}.Release|Any CPU.Build.0 = Release|Any CPU
		{4907464C-30BF-4097-B3B0-9AD6D5885305}.Debug|Any CPU.ActiveCfg = Debug|Any CPU
		{4907464C-30BF-4097-B3B0-9AD6D5885305}.Debug|Any CPU.Build.0 = Debug|Any CPU
		{4907464C-30BF-4097-B3B0-9AD6D5885305}.Release|Any CPU.ActiveCfg = Release|Any CPU
		{4907464C-30BF-4097-B3B0-9AD6D5885305}.Release|Any CPU.Build.0 = Release|Any CPU
	EndGlobalSection
EndGlobal
